Microsoft Visual Studio Solution File, Format Version 12.00
# Visual Studio Version 17
VisualStudioVersion = 17.5.2.0
MinimumVisualStudioVersion = 10.0.40219.1
Project("{FAE04EC0-301F-11D3-BF4B-00C04F79EFBC}") = "NRustFfi", "src\NRustFfi\NRustFfi.csproj", "{E97F51D0-B3DF-56A4-1950-5544E126D054}"
EndProject
Project("{FAE04EC0-301F-11D3-BF4B-00C04F79EFBC}") = "NRustFfi.Tests", "tests\NRustFfi.Tests\NRustFfi.Tests.csproj", "{DB9BE505-2335-4A48-8C87-07F01918FA29}"
EndProject
Global
	GlobalSection(SolutionConfigurationPlatforms) = preSolution
		Debug|Any CPU = Debug|Any CPU
		Release|Any CPU = Release|Any CPU
	EndGlobalSection
	GlobalSection(ProjectConfigurationPlatforms) = postSolution
		{E97F51D0-B3DF-56A4-1950-5544E126D054}.Debug|Any CPU.ActiveCfg = Debug|Any CPU
		{E97F51D0-B3DF-56A4-1950-5544E126D054}.Debug|Any CPU.Build.0 = Debug|Any CPU
		{E97F51D0-B3DF-56A4-1950-5544E126D054}.Release|Any CPU.ActiveCfg = Release|Any CPU
		{E97F51D0-B3DF-56A4-1950-5544E126D054}.Release|Any CPU.Build.0 = Release|Any CPU
		{DB9BE505-2335-4A48-8C87-07F01918FA29}.Debug|Any CPU.ActiveCfg = Debug|Any CPU
		{DB9BE505-2335-4A48-8C87-07F01918FA29}.Debug|Any CPU.Build.0 = Debug|Any CPU
		{DB9BE505-2335-4A48-8C87-07F01918FA29}.Release|Any CPU.ActiveCfg = Release|Any CPU
		{DB9BE505-2335-4A48-8C87-07F01918FA29}.Release|Any CPU.Build.0 = Release|Any CPU
	EndGlobalSection
	GlobalSection(SolutionProperties) = preSolution
		HideSolutionNode = FALSE
	EndGlobalSection
	GlobalSection(ExtensibilityGlobals) = postSolution
		SolutionGuid = {72E678D1-3752-4D57-8CBE-804C7199C9E9}
	EndGlobalSection
EndGlobal
